{
    "name": "related-postgres-connection",
    "version": "2.3.4",
    "lockfileVersion": 1,
    "requires": true,
    "dependencies": {
        "balanced-match": {
            "version": "1.0.0",
            "resolved": "https://registry.npmjs.org/balanced-match/-/balanced-match-1.0.0.tgz",
            "integrity": "sha1-ibTRmasr7kneFk6gK4nORi1xt2c=",
            "dev": true
        },
        "brace-expansion": {
            "version": "1.1.11",
            "resolved": "https://registry.npmjs.org/brace-expansion/-/brace-expansion-1.1.11.tgz",
            "integrity": "sha512-iCuPHDFgrHX7H2vEI/5xpz07zSHB00TpugqhmYtVmMO6518mCuRMoOYFldEBl0g187ufozdaHgWKcYFb61qGiA==",
            "dev": true,
            "requires": {
                "balanced-match": "^1.0.0",
                "concat-map": "0.0.1"
            }
        },
        "browser-stdout": {
            "version": "1.3.0",
            "resolved": "https://registry.npmjs.org/browser-stdout/-/browser-stdout-1.3.0.tgz",
            "integrity": "sha1-81HTKWnTL6XXpVZxVCY9korjvR8=",
            "dev": true
        },
        "buffer-writer": {
            "version": "2.0.0",
            "resolved": "https://registry.npmjs.org/buffer-writer/-/buffer-writer-2.0.0.tgz",
            "integrity": "sha512-a7ZpuTZU1TRtnwyCNW3I5dc0wWNC3VR9S++Ewyk2HHZdrO3CQJqSpd+95Us590V6AL7JqUAH2IwZ/398PmNFgw=="
        },
        "commander": {
            "version": "2.9.0",
            "resolved": "https://registry.npmjs.org/commander/-/commander-2.9.0.tgz",
            "integrity": "sha1-nJkJQXbhIkDLItbFFGCYQA/g99Q=",
            "dev": true,
            "requires": {
                "graceful-readlink": ">= 1.0.0"
            }
        },
        "concat-map": {
            "version": "0.0.1",
            "resolved": "https://registry.npmjs.org/concat-map/-/concat-map-0.0.1.tgz",
            "integrity": "sha1-2Klr13/Wjfd5OnMDajug1UBdR3s=",
            "dev": true
        },
        "debug": {
            "version": "2.6.8",
            "resolved": "https://registry.npmjs.org/debug/-/debug-2.6.8.tgz",
            "integrity": "sha1-5zFTHKLt4n0YgiJCfaF4IdaP9Pw=",
            "dev": true,
            "requires": {
                "ms": "2.0.0"
            }
        },
        "diff": {
            "version": "3.2.0",
            "resolved": "https://registry.npmjs.org/diff/-/diff-3.2.0.tgz",
            "integrity": "sha1-yc45Okt8vQsFinJck98pkCeGj/k=",
            "dev": true
        },
        "ee-argv": {
            "version": "0.1.4",
            "resolved": "https://registry.npmjs.org/ee-argv/-/ee-argv-0.1.4.tgz",
            "integrity": "sha1-d/RZ2vmA8R0sb44oohq7iAIBaKs="
        },
        "ee-class": {
            "version": "1.4.0",
            "resolved": "https://registry.npmjs.org/ee-class/-/ee-class-1.4.0.tgz",
            "integrity": "sha1-KQP2Iu4f5AzYupidfqI5oxvV4lU="
        },
        "ee-event-emitter": {
            "version": "0.3.1",
            "resolved": "https://registry.npmjs.org/ee-event-emitter/-/ee-event-emitter-0.3.1.tgz",
            "integrity": "sha1-yi5+Dr3+zC2sLCLSCIyGSWEUlyQ=",
            "requires": {
                "ee-class": "^1.2.x",
                "ee-log": "0.2.x"
            },
            "dependencies": {
                "ee-log": {
                    "version": "0.2.23",
                    "resolved": "https://registry.npmjs.org/ee-log/-/ee-log-0.2.23.tgz",
                    "integrity": "sha1-HFDz1ieNCvkJde1AxPtreWEKcCk=",
                    "requires": {
                        "ee-class": "0.4.x",
                        "ee-types": "0.1.x"
                    },
                    "dependencies": {
                        "ee-class": {
                            "version": "0.4.0",
                            "resolved": "https://registry.npmjs.org/ee-class/-/ee-class-0.4.0.tgz",
                            "integrity": "sha1-vmKlTFKQGwr4mgQYnA7hl1GWfks="
                        }
                    }
                },
                "ee-types": {
                    "version": "0.1.3",
                    "resolved": "https://registry.npmjs.org/ee-types/-/ee-types-0.1.3.tgz",
                    "integrity": "sha1-eFuqL1CniqtIlD8zURG4+3msYbk=",
                    "requires": {
                        "ee-class": "*"
                    }
                }
            }
        },
        "ee-log": {
            "version": "2.0.4",
            "resolved": "https://registry.npmjs.org/ee-log/-/ee-log-2.0.4.tgz",
            "integrity": "sha512-/ulkuIX1qI2QQHXZsM/s1OfWyThk1dlsBw44T+lAlhmPC+5AZPahx4gouk3LfBWLjamz7IyHqRHIa+K9/2jnGQ==",
            "requires": {
                "ee-types": "2.x"
            }
        },
        "ee-project": {
            "version": "0.2.4",
            "resolved": "https://registry.npmjs.org/ee-project/-/ee-project-0.2.4.tgz",
            "integrity": "sha1-87KGn52Jk1rxCyKO9u1l/Sa4t98=",
            "dev": true,
            "requires": {
                "ee-class": "0.4.x",
                "ee-log": "0.2.x"
            },
            "dependencies": {
                "ee-class": {
                    "version": "0.4.0",
                    "resolved": "https://registry.npmjs.org/ee-class/-/ee-class-0.4.0.tgz",
                    "integrity": "sha1-vmKlTFKQGwr4mgQYnA7hl1GWfks=",
                    "dev": true
                },
                "ee-log": {
                    "version": "0.2.23",
                    "resolved": "https://registry.npmjs.org/ee-log/-/ee-log-0.2.23.tgz",
                    "integrity": "sha1-HFDz1ieNCvkJde1AxPtreWEKcCk=",
                    "dev": true,
                    "requires": {
                        "ee-class": "0.4.x",
                        "ee-types": "0.1.x"
                    }
                },
                "ee-types": {
                    "version": "0.1.3",
                    "resolved": "https://registry.npmjs.org/ee-types/-/ee-types-0.1.3.tgz",
                    "integrity": "sha1-eFuqL1CniqtIlD8zURG4+3msYbk=",
                    "dev": true,
                    "requires": {
                        "ee-class": "*"
                    }
                }
            }
        },
        "ee-types": {
            "version": "2.2.1",
            "resolved": "https://registry.npmjs.org/ee-types/-/ee-types-2.2.1.tgz",
            "integrity": "sha512-ZgShE8RXsE+DFAddCmduKwUwoNLZd7Ik6yv6LFEUDfz/6k2s6rTvABQS8dO2EibJpYFWREOx/ealtwuTUXeeYg==",
            "requires": {
                "ee-class": "^1.4.0"
            }
        },
        "escape-string-regexp": {
            "version": "1.0.5",
            "resolved": "https://registry.npmjs.org/escape-string-regexp/-/escape-string-regexp-1.0.5.tgz",
            "integrity": "sha1-G2HAViGQqN/2rjuyzwIAyhMLhtQ=",
            "dev": true
        },
        "fs.realpath": {
            "version": "1.0.0",
            "resolved": "https://registry.npmjs.org/fs.realpath/-/fs.realpath-1.0.0.tgz",
            "integrity": "sha1-FQStJSMVjKpA20onh8sBQRmU6k8=",
            "dev": true
        },
        "glob": {
            "version": "7.1.1",
            "resolved": "https://registry.npmjs.org/glob/-/glob-7.1.1.tgz",
            "integrity": "sha1-gFIR3wT6rxxjo2ADBs31reULLsg=",
            "dev": true,
            "requires": {
                "fs.realpath": "^1.0.0",
                "inflight": "^1.0.4",
                "inherits": "2",
                "minimatch": "^3.0.2",
                "once": "^1.3.0",
                "path-is-absolute": "^1.0.0"
            }
        },
        "graceful-readlink": {
            "version": "1.0.1",
            "resolved": "https://registry.npmjs.org/graceful-readlink/-/graceful-readlink-1.0.1.tgz",
            "integrity": "sha1-TK+tdrxi8C+gObL5Tpo906ORpyU=",
            "dev": true
        },
        "growl": {
            "version": "1.9.2",
            "resolved": "https://registry.npmjs.org/growl/-/growl-1.9.2.tgz",
            "integrity": "sha1-Dqd0NxXbjY3ixe3hd14bRayFwC8=",
            "dev": true
        },
        "has-flag": {
            "version": "1.0.0",
            "resolved": "https://registry.npmjs.org/has-flag/-/has-flag-1.0.0.tgz",
            "integrity": "sha1-nZ55MWXOAXoA8AQYxD+UKnsdEfo=",
            "dev": true
        },
        "he": {
            "version": "1.1.1",
            "resolved": "https://registry.npmjs.org/he/-/he-1.1.1.tgz",
            "integrity": "sha1-k0EP0hsAlzUVH4howvJx80J+I/0=",
            "dev": true
        },
        "inflight": {
            "version": "1.0.6",
            "resolved": "https://registry.npmjs.org/inflight/-/inflight-1.0.6.tgz",
            "integrity": "sha1-Sb1jMdfQLQwJvJEKEHW6gWW1bfk=",
            "dev": true,
            "requires": {
                "once": "^1.3.0",
                "wrappy": "1"
            }
        },
        "inherits": {
            "version": "2.0.4",
            "resolved": "https://registry.npmjs.org/inherits/-/inherits-2.0.4.tgz",
            "integrity": "sha512-k/vGaX4/Yla3WzyMCvTQOXYeIHvqOKtnqBduzTHpzpQZzAskKMhZ2K+EnBiSM9zGSoIFeMpXKxa4dYeZIQqewQ=="
        },
        "json3": {
            "version": "3.3.2",
            "resolved": "https://registry.npmjs.org/json3/-/json3-3.3.2.tgz",
            "integrity": "sha1-PAQ0dD35Pi9cQq7nsZvLSDV19OE=",
            "dev": true
        },
        "lodash._baseassign": {
            "version": "3.2.0",
            "resolved": "https://registry.npmjs.org/lodash._baseassign/-/lodash._baseassign-3.2.0.tgz",
            "integrity": "sha1-jDigmVAPIVrQnlnxci/QxSv+Ck4=",
            "dev": true,
            "requires": {
                "lodash._basecopy": "^3.0.0",
                "lodash.keys": "^3.0.0"
            }
        },
        "lodash._basecopy": {
            "version": "3.0.1",
            "resolved": "https://registry.npmjs.org/lodash._basecopy/-/lodash._basecopy-3.0.1.tgz",
            "integrity": "sha1-jaDmqHbPNEwK2KVIghEd08XHyjY=",
            "dev": true
        },
        "lodash._basecreate": {
            "version": "3.0.3",
            "resolved": "https://registry.npmjs.org/lodash._basecreate/-/lodash._basecreate-3.0.3.tgz",
            "integrity": "sha1-G8ZhYU2qf8MRt9A78WgGoCE8+CE=",
            "dev": true
        },
        "lodash._getnative": {
            "version": "3.9.1",
            "resolved": "https://registry.npmjs.org/lodash._getnative/-/lodash._getnative-3.9.1.tgz",
            "integrity": "sha1-VwvH3t5G1hzc3mh9ZdPuy6o6r/U=",
            "dev": true
        },
        "lodash._isiterateecall": {
            "version": "3.0.9",
            "resolved": "https://registry.npmjs.org/lodash._isiterateecall/-/lodash._isiterateecall-3.0.9.tgz",
            "integrity": "sha1-UgOte6Ql+uhCRg5pbbnPPmqsBXw=",
            "dev": true
        },
        "lodash.create": {
            "version": "3.1.1",
            "resolved": "https://registry.npmjs.org/lodash.create/-/lodash.create-3.1.1.tgz",
            "integrity": "sha1-1/KEnw29p+BGgruM1yqwIkYd6+c=",
            "dev": true,
            "requires": {
                "lodash._baseassign": "^3.0.0",
                "lodash._basecreate": "^3.0.0",
                "lodash._isiterateecall": "^3.0.0"
            }
        },
        "lodash.isarguments": {
            "version": "3.1.0",
            "resolved": "https://registry.npmjs.org/lodash.isarguments/-/lodash.isarguments-3.1.0.tgz",
            "integrity": "sha1-L1c9hcaiQon/AGY7SRwdM4/zRYo=",
            "dev": true
        },
        "lodash.isarray": {
            "version": "3.0.4",
            "resolved": "https://registry.npmjs.org/lodash.isarray/-/lodash.isarray-3.0.4.tgz",
            "integrity": "sha1-eeTriMNqgSKvhvhEqpvNhRtfu1U=",
            "dev": true
        },
        "lodash.keys": {
            "version": "3.1.2",
            "resolved": "https://registry.npmjs.org/lodash.keys/-/lodash.keys-3.1.2.tgz",
            "integrity": "sha1-TbwEcrFWvlCgsoaFXRvQsMZWCYo=",
            "dev": true,
            "requires": {
                "lodash._getnative": "^3.0.0",
                "lodash.isarguments": "^3.0.0",
                "lodash.isarray": "^3.0.0"
            }
        },
        "minimatch": {
            "version": "3.0.4",
            "resolved": "https://registry.npmjs.org/minimatch/-/minimatch-3.0.4.tgz",
            "integrity": "sha512-yJHVQEhyqPLUTgt9B83PXu6W3rx4MvvHvSUvToogpwoGDOUQ+yDrR0HRot+yOCdCO7u4hX3pWft6kWBBcqh0UA==",
            "dev": true,
            "requires": {
                "brace-expansion": "^1.1.7"
            }
        },
        "minimist": {
            "version": "0.0.8",
            "resolved": "https://registry.npmjs.org/minimist/-/minimist-0.0.8.tgz",
            "integrity": "sha1-hX/Kv8M5fSYluCKCYuhqp6ARsF0=",
            "dev": true
        },
        "mkdirp": {
            "version": "0.5.1",
            "resolved": "https://registry.npmjs.org/mkdirp/-/mkdirp-0.5.1.tgz",
            "integrity": "sha1-MAV0OOrGz3+MR2fzhkjWaX11yQM=",
            "dev": true,
            "requires": {
                "minimist": "0.0.8"
            }
        },
        "mocha": {
            "version": "3.5.3",
            "resolved": "https://registry.npmjs.org/mocha/-/mocha-3.5.3.tgz",
            "integrity": "sha512-/6na001MJWEtYxHOV1WLfsmR4YIynkUEhBwzsb+fk2qmQ3iqsi258l/Q2MWHJMImAcNpZ8DEdYAK72NHoIQ9Eg==",
            "dev": true,
            "requires": {
                "browser-stdout": "1.3.0",
                "commander": "2.9.0",
                "debug": "2.6.8",
                "diff": "3.2.0",
                "escape-string-regexp": "1.0.5",
                "glob": "7.1.1",
                "growl": "1.9.2",
                "he": "1.1.1",
                "json3": "3.3.2",
                "lodash.create": "3.1.1",
                "mkdirp": "0.5.1",
                "supports-color": "3.1.2"
            }
        },
        "ms": {
            "version": "2.0.0",
            "resolved": "https://registry.npmjs.org/ms/-/ms-2.0.0.tgz",
            "integrity": "sha1-VgiurfwAvmwpAd9fmGF4jeDVl8g=",
            "dev": true
        },
        "once": {
            "version": "1.4.0",
            "resolved": "https://registry.npmjs.org/once/-/once-1.4.0.tgz",
            "integrity": "sha1-WDsap3WWHUsROsF9nFC6753Xa9E=",
            "dev": true,
            "requires": {
                "wrappy": "1"
            }
        },
        "packet-reader": {
            "version": "1.0.0",
            "resolved": "https://registry.npmjs.org/packet-reader/-/packet-reader-1.0.0.tgz",
            "integrity": "sha512-HAKu/fG3HpHFO0AA8WE8q2g+gBJaZ9MG7fcKk+IJPLTGAD6Psw4443l+9DGRbOIh3/aXr7Phy0TjilYivJo5XQ=="
        },
        "path-is-absolute": {
            "version": "1.0.1",
            "resolved": "https://registry.npmjs.org/path-is-absolute/-/path-is-absolute-1.0.1.tgz",
            "integrity": "sha1-F0uSaHNVNP+8es5r9TpanhtcX18=",
            "dev": true
        },
        "pg": {
            "version": "8.5.1",
            "resolved": "https://registry.npmjs.org/pg/-/pg-8.5.1.tgz",
            "integrity": "sha512-9wm3yX9lCfjvA98ybCyw2pADUivyNWT/yIP4ZcDVpMN0og70BUWYEGXPCTAQdGTAqnytfRADb7NERrY1qxhIqw==",
            "requires": {
                "buffer-writer": "2.0.0",
                "packet-reader": "1.0.0",
                "pg-connection-string": "^2.4.0",
                "pg-pool": "^3.2.2",
                "pg-protocol": "^1.4.0",
                "pg-types": "^2.1.0",
                "pgpass": "1.x"
            }
        },
        "pg-connection-string": {
            "version": "2.4.0",
            "resolved": "https://registry.npmjs.org/pg-connection-string/-/pg-connection-string-2.4.0.tgz",
            "integrity": "sha512-3iBXuv7XKvxeMrIgym7njT+HlZkwZqqGX4Bu9cci8xHZNT+Um1gWKqCsAzcC0d95rcKMU5WBg6YRUcHyV0HZKQ=="
        },
        "pg-int8": {
            "version": "1.0.1",
            "resolved": "https://registry.npmjs.org/pg-int8/-/pg-int8-1.0.1.tgz",
            "integrity": "sha512-WCtabS6t3c8SkpDBUlb1kjOs7l66xsGdKpIPZsg4wR+B3+u9UAum2odSsF9tnvxg80h4ZxLWMy4pRjOsFIqQpw=="
        },
        "pg-pool": {
            "version": "3.2.2",
            "resolved": "https://registry.npmjs.org/pg-pool/-/pg-pool-3.2.2.tgz",
            "integrity": "sha512-ORJoFxAlmmros8igi608iVEbQNNZlp89diFVx6yV5v+ehmpMY9sK6QgpmgoXbmkNaBAx8cOOZh9g80kJv1ooyA=="
        },
        "pg-protocol": {
            "version": "1.4.0",
            "resolved": "https://registry.npmjs.org/pg-protocol/-/pg-protocol-1.4.0.tgz",
            "integrity": "sha512-El+aXWcwG/8wuFICMQjM5ZSAm6OWiJicFdNYo+VY3QP+8vI4SvLIWVe51PppTzMhikUJR+PsyIFKqfdXPz/yxA=="
        },
        "pg-types": {
            "version": "2.2.0",
            "resolved": "https://registry.npmjs.org/pg-types/-/pg-types-2.2.0.tgz",
            "integrity": "sha512-qTAAlrEsl8s4OiEQY69wDvcMIdQN6wdz5ojQiOy6YRMuynxenON0O5oCpJI6lshc6scgAY8qvJ2On/p+CXY0GA==",
            "requires": {
                "pg-int8": "1.0.1",
                "postgres-array": "~2.0.0",
                "postgres-bytea": "~1.0.0",
                "postgres-date": "~1.0.4",
                "postgres-interval": "^1.1.0"
            }
        },
        "pgpass": {
            "version": "1.0.4",
            "resolved": "https://registry.npmjs.org/pgpass/-/pgpass-1.0.4.tgz",
            "integrity": "sha512-YmuA56alyBq7M59vxVBfPJrGSozru8QAdoNlWuW3cz8l+UX3cWge0vTvjKhsSHSJpo3Bom8/Mm6hf0TR5GY0+w==",
            "requires": {
                "split2": "^3.1.1"
            }
        },
        "postgres-array": {
            "version": "2.0.0",
            "resolved": "https://registry.npmjs.org/postgres-array/-/postgres-array-2.0.0.tgz",
            "integrity": "sha512-VpZrUqU5A69eQyW2c5CA1jtLecCsN2U/bD6VilrFDWq5+5UIEVO7nazS3TEcHf1zuPYO/sqGvUvW62g86RXZuA=="
        },
        "postgres-bytea": {
            "version": "1.0.0",
            "resolved": "https://registry.npmjs.org/postgres-bytea/-/postgres-bytea-1.0.0.tgz",
            "integrity": "sha1-AntTPAqokOJtFy1Hz5zOzFIazTU="
        },
        "postgres-date": {
            "version": "1.0.7",
            "resolved": "https://registry.npmjs.org/postgres-date/-/postgres-date-1.0.7.tgz",
            "integrity": "sha512-suDmjLVQg78nMK2UZ454hAG+OAW+HQPZ6n++TNDUX+L0+uUlLywnoxJKDou51Zm+zTCjrCl0Nq6J9C5hP9vK/Q=="
        },
        "postgres-interval": {
            "version": "1.2.0",
            "resolved": "https://registry.npmjs.org/postgres-interval/-/postgres-interval-1.2.0.tgz",
            "integrity": "sha512-9ZhXKM/rw350N1ovuWHbGxnGh/SNJ4cnxHiM0rxE4VN41wsg8P8zWn9hv/buK00RP4WvlOyr/RBDiptyxVbkZQ==",
            "requires": {
                "xtend": "^4.0.0"
            }
        },
        "readable-stream": {
            "version": "3.6.0",
            "resolved": "https://registry.npmjs.org/readable-stream/-/readable-stream-3.6.0.tgz",
            "integrity": "sha512-BViHy7LKeTz4oNnkcLJ+lVSL6vpiFeX6/d3oSH8zCW7UxP2onchk+vTGB143xuFjHS3deTgkKoXXymXqymiIdA==",
            "requires": {
                "inherits": "^2.0.3",
                "string_decoder": "^1.1.1",
                "util-deprecate": "^1.0.1"
            }
        },
        "related-db-connection": {
            "version": "2.2.4",
            "resolved": "https://registry.npmjs.org/related-db-connection/-/related-db-connection-2.2.4.tgz",
            "integrity": "sha512-dsa7AkkX+C3yaDglL8BIpeAOGiOZ/lo7JcvFnCG3DTyvlGvP0nwvD8XmwNkJg9SZzayRrLjnpZm1ymQcK7EuOA==",
            "requires": {
                "ee-argv": "^0.1.4",
                "ee-class": "^1.4.0",
                "ee-event-emitter": "^0.3.1",
                "ee-log": "^1.1.0",
                "ee-types": "^1.0.0",
                "related-error": "^0.1.0",
                "related-query-context": "^2.1.1",
                "sqlformatter": "^0.1.0"
            },
            "dependencies": {
                "ee-log": {
                    "version": "1.1.0",
                    "resolved": "https://registry.npmjs.org/ee-log/-/ee-log-1.1.0.tgz",
                    "integrity": "sha1-MbHvG9pyDM7ClSPfBUgkKM7qNYI=",
                    "requires": {
                        "ee-class": "1.x",
                        "ee-types": "2.x"
                    },
                    "dependencies": {
                        "ee-types": {
                            "version": "2.2.1",
                            "resolved": "https://registry.npmjs.org/ee-types/-/ee-types-2.2.1.tgz",
                            "integrity": "sha512-ZgShE8RXsE+DFAddCmduKwUwoNLZd7Ik6yv6LFEUDfz/6k2s6rTvABQS8dO2EibJpYFWREOx/ealtwuTUXeeYg==",
                            "requires": {
                                "ee-class": "^1.4.0"
                            }
                        }
                    }
                },
                "ee-types": {
                    "version": "1.0.0",
                    "resolved": "https://registry.npmjs.org/ee-types/-/ee-types-1.0.0.tgz",
                    "integrity": "sha1-rb/rUXu/Iw1eFoqvXEt2VxqioVs=",
                    "requires": {
                        "ee-class": "1.x.x"
                    }
                }
            }
        },
        "related-error": {
            "version": "0.1.0",
            "resolved": "https://registry.npmjs.org/related-error/-/related-error-0.1.0.tgz",
            "integrity": "sha1-GaHKvZllLCzsBjMXmYaIWfVx4LI=",
            "requires": {
                "ee-class": "1.x.x",
                "ee-event-emitter": "0.1.x",
                "ee-log": "0.3.x",
                "ee-types": "0.1.x"
            },
            "dependencies": {
                "ee-event-emitter": {
                    "version": "0.1.3",
                    "resolved": "https://registry.npmjs.org/ee-event-emitter/-/ee-event-emitter-0.1.3.tgz",
                    "integrity": "sha1-7aMWakluuXaOO/cmOxT/VKx0uSc=",
                    "requires": {
                        "ee-class": "1.0.x",
                        "ee-log": "0.2.x"
                    },
                    "dependencies": {
                        "ee-class": {
                            "version": "1.0.9",
                            "resolved": "https://registry.npmjs.org/ee-class/-/ee-class-1.0.9.tgz",
                            "integrity": "sha1-O8Smb9/7BvGvLRqKZisPbwGKa20="
                        },
                        "ee-log": {
                            "version": "0.2.23",
                            "resolved": "https://registry.npmjs.org/ee-log/-/ee-log-0.2.23.tgz",
                            "integrity": "sha1-HFDz1ieNCvkJde1AxPtreWEKcCk=",
                            "requires": {
                                "ee-class": "0.4.x",
                                "ee-types": "0.1.x"
                            },
                            "dependencies": {
                                "ee-class": {
                                    "version": "0.4.0",
                                    "resolved": "https://registry.npmjs.org/ee-class/-/ee-class-0.4.0.tgz",
                                    "integrity": "sha1-vmKlTFKQGwr4mgQYnA7hl1GWfks="
                                }
                            }
                        }
                    }
                },
                "ee-log": {
                    "version": "0.3.11",
                    "resolved": "https://registry.npmjs.org/ee-log/-/ee-log-0.3.11.tgz",
                    "integrity": "sha1-e53uR9PX/JmpTNsZrJ2Z/49mo2g=",
                    "requires": {
                        "ee-argv": "0.1.x",
                        "ee-class": "1.x",
                        "ee-types": "2.x"
                    },
                    "dependencies": {
                        "ee-types": {
                            "version": "2.2.1",
                            "resolved": "https://registry.npmjs.org/ee-types/-/ee-types-2.2.1.tgz",
                            "integrity": "sha512-ZgShE8RXsE+DFAddCmduKwUwoNLZd7Ik6yv6LFEUDfz/6k2s6rTvABQS8dO2EibJpYFWREOx/ealtwuTUXeeYg==",
                            "requires": {
                                "ee-class": "^1.4.0"
                            }
                        }
                    }
                },
                "ee-types": {
                    "version": "0.1.3",
                    "resolved": "https://registry.npmjs.org/ee-types/-/ee-types-0.1.3.tgz",
                    "integrity": "sha1-eFuqL1CniqtIlD8zURG4+3msYbk=",
                    "requires": {
                        "ee-class": "*"
                    }
                }
            }
        },
        "related-query-context": {
            "version": "2.1.2",
            "resolved": "https://registry.npmjs.org/related-query-context/-/related-query-context-2.1.2.tgz",
            "integrity": "sha512-K7hevvVFFVGPVb26jxZZYGBFR3nPuepFMsqOuilo3/eT514vEunS5phkQr/2r8Sxzo7CUHF7hNOiZFRvSG97lw==",
            "requires": {
                "ee-class": "^1.4.0",
                "ee-log": "^0.3.11",
                "ee-types": "^2.1.4"
            },
            "dependencies": {
                "ee-log": {
                    "version": "0.3.11",
                    "resolved": "https://registry.npmjs.org/ee-log/-/ee-log-0.3.11.tgz",
                    "integrity": "sha1-e53uR9PX/JmpTNsZrJ2Z/49mo2g=",
                    "requires": {
                        "ee-argv": "0.1.x",
                        "ee-class": "1.x",
                        "ee-types": "2.x"
                    }
                }
            }
        },
        "safe-buffer": {
            "version": "5.2.1",
            "resolved": "https://registry.npmjs.org/safe-buffer/-/safe-buffer-5.2.1.tgz",
            "integrity": "sha512-rp3So07KcdmmKbGvgaNxQSJr7bGVSVk5S9Eq1F+ppbRo70+YeaDxkw5Dd8NPN+GD6bjnYm2VuPuCXmpuYvmCXQ=="
        },
        "split2": {
            "version": "3.2.2",
            "resolved": "https://registry.npmjs.org/split2/-/split2-3.2.2.tgz",
            "integrity": "sha512-9NThjpgZnifTkJpzTZ7Eue85S49QwpNhZTq6GRJwObb6jnLFNGB7Qm73V5HewTROPyxD0C29xqmaI68bQtV+hg==",
            "requires": {
                "readable-stream": "^3.0.0"
            }
        },
        "sqlformatter": {
            "version": "0.1.0",
            "resolved": "https://registry.npmjs.org/sqlformatter/-/sqlformatter-0.1.0.tgz",
            "integrity": "sha1-SOmTZHXbmn/lK2CgY488HPLy1+M="
        },
        "string_decoder": {
            "version": "1.3.0",
            "resolved": "https://registry.npmjs.org/string_decoder/-/string_decoder-1.3.0.tgz",
            "integrity": "sha512-hkRX8U1WjJFd8LsDJ2yQ/wWWxaopEsABU1XfkM8A+j0+85JAGppt16cr1Whg6KIbb4okU6Mql6BOj+uup/wKeA==",
            "requires": {
                "safe-buffer": "~5.2.0"
            }
        },
        "supports-color": {
            "version": "3.1.2",
            "resolved": "https://registry.npmjs.org/supports-color/-/supports-color-3.1.2.tgz",
            "integrity": "sha1-cqJiiU2dQIuVbKBf83su2KbiotU=",
            "dev": true,
            "requires": {
                "has-flag": "^1.0.0"
            }
        },
        "test-config": {
            "version": "0.1.1",
            "resolved": "https://registry.npmjs.org/test-config/-/test-config-0.1.1.tgz",
            "integrity": "sha1-sS/qc8I+Cv16Tv+6rvf6f1aLfsA=",
            "dev": true,
            "requires": {
                "ee-class": "1.0.x",
                "ee-log": "0.3.x",
                "ee-project": "0.2.x",
                "ee-types": "0.1.x"
            },
            "dependencies": {
                "ee-class": {
                    "version": "1.0.9",
                    "resolved": "https://registry.npmjs.org/ee-class/-/ee-class-1.0.9.tgz",
                    "integrity": "sha1-O8Smb9/7BvGvLRqKZisPbwGKa20=",
                    "dev": true
                },
                "ee-log": {
                    "version": "0.3.11",
                    "resolved": "https://registry.npmjs.org/ee-log/-/ee-log-0.3.11.tgz",
                    "integrity": "sha1-e53uR9PX/JmpTNsZrJ2Z/49mo2g=",
                    "dev": true,
                    "requires": {
                        "ee-argv": "0.1.x",
                        "ee-class": "1.x",
                        "ee-types": "2.x"
                    },
                    "dependencies": {
                        "ee-types": {
                            "version": "2.2.1",
                            "resolved": "https://registry.npmjs.org/ee-types/-/ee-types-2.2.1.tgz",
                            "integrity": "sha512-ZgShE8RXsE+DFAddCmduKwUwoNLZd7Ik6yv6LFEUDfz/6k2s6rTvABQS8dO2EibJpYFWREOx/ealtwuTUXeeYg==",
                            "dev": true,
                            "requires": {
                                "ee-class": "^1.4.0"
                            },
                            "dependencies": {
                                "ee-class": {
                                    "version": "1.4.0",
                                    "resolved": "https://registry.npmjs.org/ee-class/-/ee-class-1.4.0.tgz",
                                    "integrity": "sha1-KQP2Iu4f5AzYupidfqI5oxvV4lU=",
                                    "dev": true
                                }
                            }
                        }
                    }
                },
                "ee-types": {
                    "version": "0.1.3",
                    "resolved": "https://registry.npmjs.org/ee-types/-/ee-types-0.1.3.tgz",
                    "integrity": "sha1-eFuqL1CniqtIlD8zURG4+3msYbk=",
                    "dev": true,
                    "requires": {
                        "ee-class": "*"
                    }
                }
            }
        },
        "util-deprecate": {
            "version": "1.0.2",
            "resolved": "https://registry.npmjs.org/util-deprecate/-/util-deprecate-1.0.2.tgz",
            "integrity": "sha1-RQ1Nyfpw3nMnYvvS1KKJgUGaDM8="
        },
        "wrappy": {
            "version": "1.0.2",
            "resolved": "https://registry.npmjs.org/wrappy/-/wrappy-1.0.2.tgz",
            "integrity": "sha1-tSQ9jz7BqjXxNkYFvA0QNuMKtp8=",
            "dev": true
        },
        "xtend": {
            "version": "4.0.2",
            "resolved": "https://registry.npmjs.org/xtend/-/xtend-4.0.2.tgz",
            "integrity": "sha512-LKYU1iAXJXUgAXn9URjiu+MWhyUXHsvfp7mcuYm9dSUKK0/CjtrUwFAxD82/mCWbtLsGjFIad0wIsod4zrTAEQ=="
        }
    }
}
